
Microsoft Visual Studio Solution File, Format Version 12.00
# Visual Studio Version 16
VisualStudioVersion = 16.0.810.6
MinimumVisualStudioVersion = 10.0.40219.1
Project("{FAE04EC0-301F-11D3-BF4B-00C04F79EFBC}") = "ArrayListPart", "ArrayList\ArrayListPart.csproj", "{0140E52D-A2E2-43C8-A034-4577C759E1F7}"
EndProject
Global
	GlobalSection(SolutionConfigurationPlatforms) = preSolution
		Debug|anycpu = Debug|anycpu
		Release|anycpu = Release|anycpu
	EndGlobalSection
	GlobalSection(ProjectConfigurationPlatforms) = postSolution
		{0140E52D-A2E2-43C8-A034-4577C759E1F7}.Debug|anycpu.ActiveCfg = Debug|anycpu
		{0140E52D-A2E2-43C8-A034-4577C759E1F7}.Debug|anycpu.Build.0 = Debug|anycpu
		{0140E52D-A2E2-43C8-A034-4577C759E1F7}.Release|anycpu.ActiveCfg = Release|anycpu
		{0140E52D-A2E2-43C8-A034-4577C759E1F7}.Release|anycpu.Build.0 = Release|anycpu
	EndGlobalSection
	GlobalSection(SolutionProperties) = preSolution
		HideSolutionNode = FALSE
	EndGlobalSection
	GlobalSection(ExtensibilityGlobals) = postSolution
		SolutionGuid = {AC250C56-EAAF-46DD-AA21-788B2294D569}
	EndGlobalSection
EndGlobal
